{
  "nodes": {
    "benchmark-init": {
      "flake": false,
      "locked": {
        "lastModified": 1741867258,
        "narHash": "sha256-woUqo6zPt/M87BtVFKX1MYEj8GWG4FOiaPvN1kLGjno=",
        "owner": "dholm",
        "repo": "benchmark-init-el",
        "rev": "6507caa3c4cb2a6c9b85c771c5e9e5aeb7d745bc",
        "type": "github"
      },
      "original": {
        "owner": "dholm",
        "repo": "benchmark-init-el",
        "type": "github"
      }
    },
    "cape": {
      "flake": false,
      "locked": {
        "lastModified": 1758383884,
        "narHash": "sha256-fd3JlridszlEMir0e5hNG1F0D8C0KZGJNUh5isPzICs=",
        "owner": "minad",
        "repo": "cape",
        "rev": "a9b78ac918df991716de3f84a95db91bb4df44b6",
        "type": "github"
      },
      "original": {
        "owner": "minad",
        "repo": "cape",
        "type": "github"
      }
    },
    "compat": {
      "flake": false,
      "locked": {
        "lastModified": 1750343338,
        "narHash": "sha256-pLb+dt/PPvKZi4sRN9/EPrKvEC1felBk9jJoXKq4fxI=",
        "owner": "emacs-compat",
        "repo": "compat",
        "rev": "cccd41f549fa88031a32deb26253b462021d7e12",
        "type": "github"
      },
      "original": {
        "owner": "emacs-compat",
        "repo": "compat",
        "type": "github"
      }
    },
    "consult": {
      "flake": false,
      "locked": {
        "lastModified": 1759747055,
        "narHash": "sha256-KN6AVYDiJs0bbmEg/ytpKhNI0UEMWPPIm6uGDVyVMRU=",
        "owner": "minad",
        "repo": "consult",
        "rev": "ce965a04223336665fa82df797455b7317181fc6",
        "type": "github"
      },
      "original": {
        "owner": "minad",
        "repo": "consult",
        "type": "github"
      }
    },
    "corfu": {
      "flake": false,
      "locked": {
        "lastModified": 1758631835,
        "narHash": "sha256-3yB6hGLOlom0q0DoJN9VW8fimyi+eztabMlDO2TslOY=",
        "owner": "minad",
        "repo": "corfu",
        "rev": "d6cc682c15b594f2bc9f55196a382a5fda7a7fc6",
        "type": "github"
      },
      "original": {
        "owner": "minad",
        "repo": "corfu",
        "type": "github"
      }
    },
    "dash": {
      "flake": false,
      "locked": {
        "lastModified": 1755165091,
        "narHash": "sha256-X1ugYAPFgoQoD6teyvGoqcfEau6Jp2akci2fAMgYkS0=",
        "owner": "magnars",
        "repo": "dash.el",
        "rev": "af5ea5d8a13735fa27d2c3e6f756d065639a7b45",
        "type": "github"
      },
      "original": {
        "owner": "magnars",
        "repo": "dash.el",
        "type": "github"
      }
    },
    "dashboard": {
      "flake": false,
      "locked": {
        "lastModified": 1755342687,
        "narHash": "sha256-o6cT4+QrWHZTapge+06MJYGx/mGitXh/dbj10u+hBK4=",
        "owner": "emacs-dashboard",
        "repo": "emacs-dashboard",
        "rev": "e5fc08e78223487aa0da12539be1a23356c09ec7",
        "type": "github"
      },
      "original": {
        "owner": "emacs-dashboard",
        "repo": "emacs-dashboard",
        "type": "github"
      }
    },
    "diredfl": {
      "flake": false,
      "locked": {
        "lastModified": 1733053302,
        "narHash": "sha256-FT+OGJHJRocJbSSpVSGQlORWk2/LRdwTM6FECGB636Y=",
        "owner": "purcell",
        "repo": "diredfl",
        "rev": "fe72d2e42ee18bf6228bba9d7086de4098f18a70",
        "type": "github"
      },
      "original": {
        "owner": "purcell",
        "repo": "diredfl",
        "type": "github"
      }
    },
    "dirvish": {
      "flake": false,
      "locked": {
        "lastModified": 1746346061,
        "narHash": "sha256-QBOamfJXLdkw1ShH29w8nYkWfvY/ibjJPNRt0kc8LDU=",
        "owner": "alexluigit",
        "repo": "dirvish",
        "rev": "d877433f957a363ad78b228e13a8e5215f2d6593",
        "type": "github"
      },
      "original": {
        "owner": "alexluigit",
        "repo": "dirvish",
        "type": "github"
      }
    },
    "doom-modeline": {
      "flake": false,
      "locked": {
        "lastModified": 1758768112,
        "narHash": "sha256-6Uw+0mqZjJlNUA5tgufYK/ktzAkj7ay2o4HGvQt9v+E=",
        "owner": "seagle0128",
        "repo": "doom-modeline",
        "rev": "1efbd4f784a13e4ada0ddbf2b4c68b57c03b4f4d",
        "type": "github"
      },
      "original": {
        "owner": "seagle0128",
        "repo": "doom-modeline",
        "type": "github"
      }
    },
    "ef-themes": {
      "flake": false,
      "locked": {
        "lastModified": 1759823503,
        "narHash": "sha256-TNlyjmtJ6UXKiiOyASvzzaSFZ1NXT7rWdJxsFpguC2k=",
        "owner": "protesilaos",
        "repo": "ef-themes",
        "rev": "7945429c37b174300bafe8639b83c6666848964d",
        "type": "github"
      },
      "original": {
        "owner": "protesilaos",
        "repo": "ef-themes",
        "type": "github"
      }
    },
    "embark": {
      "flake": false,
      "locked": {
        "lastModified": 1756129933,
        "narHash": "sha256-bIueN2Z72uAtPdDTHtg3H+ZPX3to3fxLEsTiO25hKOo=",
        "owner": "oantolin",
        "repo": "embark",
        "rev": "1371a1e33e3a3d96557beb28dccf1fa762f6ae22",
        "type": "github"
      },
      "original": {
        "owner": "oantolin",
        "repo": "embark",
        "type": "github"
      }
    },
    "embark-consult": {
      "flake": false,
      "locked": {
        "lastModified": 1756129933,
        "narHash": "sha256-bIueN2Z72uAtPdDTHtg3H+ZPX3to3fxLEsTiO25hKOo=",
        "owner": "oantolin",
        "repo": "embark",
        "rev": "1371a1e33e3a3d96557beb28dccf1fa762f6ae22",
        "type": "github"
      },
      "original": {
        "owner": "oantolin",
        "repo": "embark",
        "type": "github"
      }
    },
    "f": {
      "flake": false,
      "locked": {
        "lastModified": 1727955076,
        "narHash": "sha256-rDUl2oUlcnSjNbFZn9A/80RVk6neaTScw2kvh6FjmTE=",
        "owner": "rejeep",
        "repo": "f.el",
        "rev": "931b6d0667fe03e7bf1c6c282d6d8d7006143c52",
        "type": "github"
      },
      "original": {
        "owner": "rejeep",
        "repo": "f.el",
        "type": "github"
      }
    },
    "gcmh": {
      "flake": false,
      "locked": {
        "lastModified": 1605567102,
        "narHash": "sha256-RXSs1ANy04eZAoz0ZdVVguNOEPome3AzIX1seNFVAXo=",
        "owner": "koral",
        "repo": "gcmh",
        "rev": "0089f9c3a6d4e9a310d0791cf6fa8f35642ecfd9",
        "type": "gitlab"
      },
      "original": {
        "owner": "koral",
        "repo": "gcmh",
        "type": "gitlab"
      }
    },
    "marginalia": {
      "flake": false,
      "locked": {
        "lastModified": 1759749995,
        "narHash": "sha256-gjSxjtox8EppgzJ4hk2IiWA+1iDFfbkVa3GO4EMmjRU=",
        "owner": "minad",
        "repo": "marginalia",
        "rev": "18d2d02cdb6689d7d08cd6c41b497117eeeba728",
        "type": "github"
      },
      "original": {
        "owner": "minad",
        "repo": "marginalia",
        "type": "github"
      }
    },
    "meow": {
      "flake": false,
      "locked": {
        "lastModified": 1757868847,
        "narHash": "sha256-vXdhvLbYruCXmo3Ej2QWFHCMPrkIcX3qOG3JhBY0o5k=",
        "owner": "meow-edit",
        "repo": "meow",
        "rev": "2246f593552c6208bac533de9af04b085fafa6fa",
        "type": "github"
      },
      "original": {
        "owner": "meow-edit",
        "repo": "meow",
        "type": "github"
      }
    },
    "meow-tree-sitter": {
      "flake": false,
      "locked": {
        "lastModified": 1747165728,
        "narHash": "sha256-4o8rJUDBjSSngFmQvkqOLvums8p+0ICtO4TanER8Yxc=",
        "owner": "skissue",
        "repo": "meow-tree-sitter",
        "rev": "b05d54a5e19f8ba0258b0bbf0ffcd4bc7bad112c",
        "type": "github"
      },
      "original": {
        "owner": "skissue",
        "repo": "meow-tree-sitter",
        "type": "github"
      }
    },
    "modus-themes": {
      "flake": false,
      "locked": {
        "lastModified": 1759810506,
        "narHash": "sha256-KTFxVAtzsTl7lzfNL+SoDEO4ibfUFbuTWCeCsNTh3fQ=",
        "owner": "protesilaos",
        "repo": "modus-themes",
        "rev": "cfa35451719e37ca07fb3734298eb0bbb569b377",
        "type": "github"
      },
      "original": {
        "owner": "protesilaos",
        "repo": "modus-themes",
        "type": "github"
      }
    },
    "nerd-icons": {
      "flake": false,
      "locked": {
        "lastModified": 1759713700,
        "narHash": "sha256-p0pmsBjEJ4PpIsXS8ebrW6cJFEnAi5HLfX19elTu6o4=",
        "owner": "rainstormstudio",
        "repo": "nerd-icons.el",
        "rev": "a4f905718b9236d3ac2614e84fc15859d5bd23ed",
        "type": "github"
      },
      "original": {
        "owner": "rainstormstudio",
        "repo": "nerd-icons.el",
        "type": "github"
      }
    },
    "nerd-icons-completion": {
      "flake": false,
      "locked": {
        "lastModified": 1758810034,
        "narHash": "sha256-LrdbMMcFQP00NEkxL5uuRCf6Z0AjbAXCs2PXAnMw4yI=",
        "owner": "rainstormstudio",
        "repo": "nerd-icons-completion",
        "rev": "63a6b3f1eb98bb381c86a1658ac401c8967079b8",
        "type": "github"
      },
      "original": {
        "owner": "rainstormstudio",
        "repo": "nerd-icons-completion",
        "type": "github"
      }
    },
    "nerd-icons-corfu": {
      "flake": false,
      "locked": {
        "lastModified": 1753803866,
        "narHash": "sha256-QayHcSE786PcvJ+I6Yx86awqqn7D6rJ7sRBnjnkh1ww=",
        "owner": "LuigiPiucco",
        "repo": "nerd-icons-corfu",
        "rev": "f821e953b1a3dc9b381bc53486aabf366bf11cb1",
        "type": "github"
      },
      "original": {
        "owner": "LuigiPiucco",
        "repo": "nerd-icons-corfu",
        "type": "github"
      }
    },
    "nerd-icons-dired": {
      "flake": false,
      "locked": {
        "lastModified": 1756318795,
        "narHash": "sha256-N388FDrm/zsT4frBv1rl8XE+Pflv90XmLHM96SivPXQ=",
        "owner": "rainstormstudio",
        "repo": "nerd-icons-dired",
        "rev": "adf9a2bb5f3f13be7a676923639337f3fcc5d8c3",
        "type": "github"
      },
      "original": {
        "owner": "rainstormstudio",
        "repo": "nerd-icons-dired",
        "type": "github"
      }
    },
    "orderless": {
      "flake": false,
      "locked": {
        "lastModified": 1758548650,
        "narHash": "sha256-psI93/dgYbiowni0IIGJtfSIcsh9GidAZdRMgIMIoxE=",
        "owner": "oantolin",
        "repo": "orderless",
        "rev": "9cf1c90e2501566ceba59f3220b4630995004efd",
        "type": "github"
      },
      "original": {
        "owner": "oantolin",
        "repo": "orderless",
        "type": "github"
      }
    },
    "root": {
      "inputs": {
        "benchmark-init": "benchmark-init",
        "cape": "cape",
        "compat": "compat",
        "consult": "consult",
        "corfu": "corfu",
        "dash": "dash",
        "dashboard": "dashboard",
        "diredfl": "diredfl",
        "dirvish": "dirvish",
        "doom-modeline": "doom-modeline",
        "ef-themes": "ef-themes",
        "embark": "embark",
        "embark-consult": "embark-consult",
        "f": "f",
        "gcmh": "gcmh",
        "marginalia": "marginalia",
        "meow": "meow",
        "meow-tree-sitter": "meow-tree-sitter",
        "modus-themes": "modus-themes",
        "nerd-icons": "nerd-icons",
        "nerd-icons-completion": "nerd-icons-completion",
        "nerd-icons-corfu": "nerd-icons-corfu",
        "nerd-icons-dired": "nerd-icons-dired",
        "orderless": "orderless",
        "s": "s",
        "setup": "setup",
        "shrink-path": "shrink-path",
        "tempel": "tempel",
        "tempel-collection": "tempel-collection",
        "undo-fu": "undo-fu",
        "vertico": "vertico",
        "which-key": "which-key"
      }
    },
    "s": {
      "flake": false,
      "locked": {
        "lastModified": 1681482914,
        "narHash": "sha256-fbF/SyPwEiJICaPBq0xWj2yLWjdNwkaLF2iYvZ2EO1k=",
        "owner": "magnars",
        "repo": "s.el",
        "rev": "dda84d38fffdaf0c9b12837b504b402af910d01d",
        "type": "github"
      },
      "original": {
        "owner": "magnars",
        "repo": "s.el",
        "type": "github"
      }
    },
    "setup": {
      "flake": false,
      "locked": {
        "lastModified": 1756464926,
        "narHash": "sha256-i8jJGv8nJ3f/vuZEyB1Fkn7ujIboWZCY9j1oTgVUvyc=",
        "ref": "refs/heads/master",
        "rev": "0cf74c50d90c00450f8a3425c1b84b3bccd99f84",
        "revCount": 223,
        "type": "git",
        "url": "https://codeberg.org/pkal/setup.el"
      },
      "original": {
        "type": "git",
        "url": "https://codeberg.org/pkal/setup.el"
      }
    },
    "shrink-path": {
      "flake": false,
      "locked": {
        "lastModified": 1549632947,
        "narHash": "sha256-6nDx14L9Idx2Byg+yBdygMtUiE6obz7ADzL2+4jwy/Y=",
        "owner": "bennya",
        "repo": "shrink-path.el",
        "rev": "c14882c8599aec79a6e8ef2d06454254bb3e1e41",
        "type": "gitlab"
      },
      "original": {
        "owner": "bennya",
        "repo": "shrink-path.el",
        "type": "gitlab"
      }
    },
    "tempel": {
      "flake": false,
      "locked": {
        "lastModified": 1758358114,
        "narHash": "sha256-6+a2uZclsMi64ATu0xsiP6n5Y+5YYrmlW5lEVe+KLHE=",
        "owner": "minad",
        "repo": "tempel",
        "rev": "79e0538f7c273a1ae73ec3f8c77563e38ed31e84",
        "type": "github"
      },
      "original": {
        "owner": "minad",
        "repo": "tempel",
        "type": "github"
      }
    },
    "tempel-collection": {
      "flake": false,
      "locked": {
        "lastModified": 1744301236,
        "narHash": "sha256-1D40+Xn98w1rBfpwWrKFdzux7IBSNVooilTsIGAuSUA=",
        "owner": "Crandel",
        "repo": "tempel-collection",
        "rev": "5cb6bc6b5856c70806ff6b2f952814ff702137c6",
        "type": "github"
      },
      "original": {
        "owner": "Crandel",
        "repo": "tempel-collection",
        "type": "github"
      }
    },
    "undo-fu": {
      "flake": false,
      "locked": {
        "lastModified": 1749684705,
        "narHash": "sha256-opZ6nGt/XFkAIQ/bn56N8i+ZELDo/xNkFlqDdp9WVE0=",
        "ref": "refs/heads/main",
        "rev": "545e29459e71a9aca81c96c1385d43a5696e27e9",
        "revCount": 102,
        "type": "git",
        "url": "https://codeberg.org/ideasman42/emacs-undo-fu.git"
      },
      "original": {
        "type": "git",
        "url": "https://codeberg.org/ideasman42/emacs-undo-fu.git"
      }
    },
    "vertico": {
      "flake": false,
      "locked": {
        "lastModified": 1757454050,
        "narHash": "sha256-ZbEzNtKRWFpiqMe876wiI4/kmP6MHNAoGD7skvvvM4M=",
        "owner": "minad",
        "repo": "vertico",
        "rev": "4a11453e9de3d92b566bf0aa032da96b5b2e6770",
        "type": "github"
      },
      "original": {
        "owner": "minad",
        "repo": "vertico",
        "type": "github"
      }
    },
    "which-key": {
      "flake": false,
      "locked": {
        "lastModified": 1719328933,
        "narHash": "sha256-fE445u1OSi8M4eucShxZL89BaXqsVZhlWqS+lSGjrSI=",
        "owner": "justbur",
        "repo": "emacs-which-key",
        "rev": "38d4308d1143b61e4004b6e7a940686784e51500",
        "type": "github"
      },
      "original": {
        "owner": "justbur",
        "repo": "emacs-which-key",
        "type": "github"
      }
    }
  },
  "root": "root",
  "version": 7
}
